
Microsoft Visual Studio Solution File, Format Version 10.00
# Visual Studio 2008
Project("{2150E333-8FDC-42A3-9474-1A3956D46DE8}") = "Solution Items", "Solution Items", "{4CDF1556-0B94-4E46-9815-4299D17ED28A}"
	ProjectSection(SolutionItems) = preProject
		..\..\license.txt = ..\..\license.txt
	EndProjectSection
EndProject
Project("{2150E333-8FDC-42A3-9474-1A3956D46DE8}") = "gpucaps", "gpucaps", "{97336EB5-0480-4631-AE52-2A8B20F7179B}"
	ProjectSection(SolutionItems) = preProject
		..\..\doc\gpucaps\amd_4850.xml = ..\..\doc\gpucaps\amd_4850.xml
		..\..\doc\gpucaps\intel_945m.xml = ..\..\doc\gpucaps\intel_945m.xml
		..\..\doc\gpucaps\nv_6600le.xml = ..\..\doc\gpucaps\nv_6600le.xml
		..\..\doc\gpucaps\nv_7900go_gtx.xml = ..\..\doc\gpucaps\nv_7900go_gtx.xml
		..\..\doc\gpucaps\nv_8600.xml = ..\..\doc\gpucaps\nv_8600.xml
	EndProjectSection
EndProject
Project("{2150E333-8FDC-42A3-9474-1A3956D46DE8}") = "build rules", "build rules", "{D7C48AD4-4092-4943-A7C8-06CCFE8FA386}"
	ProjectSection(SolutionItems) = preProject
		..\..\doc\axonfx.rules = ..\..\doc\axonfx.rules
	EndProjectSection
EndProject
Project("{8BC9CEB8-8B4A-11D0-8D11-00A0C91BC942}") = "axcore", "axcore\axcore.vcproj", "{977E338E-EC28-4FD3-8564-4CA1D8E9BD73}"
	ProjectSection(ProjectDependencies) = postProject
		{5DC08CB3-D399-4C60-B29C-3FD2EDF58640} = {5DC08CB3-D399-4C60-B29C-3FD2EDF58640}
		{33A62286-A333-4A64-87E9-F5A60568D273} = {33A62286-A333-4A64-87E9-F5A60568D273}
	EndProjectSection
EndProject
Project("{8BC9CEB8-8B4A-11D0-8D11-00A0C91BC942}") = "axclient", "axclient\axclient.vcproj", "{C2922808-698C-40BC-BCED-CACA35163A84}"
EndProject
Project("{8BC9CEB8-8B4A-11D0-8D11-00A0C91BC942}") = "axlogic", "axlogic\axlogic.vcproj", "{58D8AD1C-DFD9-4796-A4C3-6152FE65C0AA}"
EndProject
Project("{8BC9CEB8-8B4A-11D0-8D11-00A0C91BC942}") = "axeditor", "axeditor\axeditor.vcproj", "{B04A5E9A-BC7A-4692-9DDC-075EED228D6E}"
EndProject
Project("{8BC9CEB8-8B4A-11D0-8D11-00A0C91BC942}") = "axeditorapp", "axeditorapp\axeditorapp.vcproj", "{B30947E7-9FEC-408A-A73F-42FCC08AD988}"
	ProjectSection(ProjectDependencies) = postProject
		{C2922808-698C-40BC-BCED-CACA35163A84} = {C2922808-698C-40BC-BCED-CACA35163A84}
		{58D8AD1C-DFD9-4796-A4C3-6152FE65C0AA} = {58D8AD1C-DFD9-4796-A4C3-6152FE65C0AA}
		{977E338E-EC28-4FD3-8564-4CA1D8E9BD73} = {977E338E-EC28-4FD3-8564-4CA1D8E9BD73}
		{B04A5E9A-BC7A-4692-9DDC-075EED228D6E} = {B04A5E9A-BC7A-4692-9DDC-075EED228D6E}
	EndProjectSection
EndProject
Project("{8BC9CEB8-8B4A-11D0-8D11-00A0C91BC942}") = "data", "..\..\data\data.vcproj", "{DC8FF16E-34F1-44DA-AE1E-48715EBD581D}"
EndProject
Project("{2150E333-8FDC-42A3-9474-1A3956D46DE8}") = "Extlibs", "Extlibs", "{FE03F100-E402-445D-8BB6-AC0B12B1C62D}"
EndProject
Project("{8BC9CEB8-8B4A-11D0-8D11-00A0C91BC942}") = "squirrel", "..\..\..\axextlibs\SQUIRREL2\squirrel\squirrel.vcproj", "{33A62286-A333-4A64-87E9-F5A60568D273}"
EndProject
Project("{8BC9CEB8-8B4A-11D0-8D11-00A0C91BC942}") = "sqstdlib", "..\..\..\axextlibs\SQUIRREL2\sqstdlib\sqstdlib.vcproj", "{5DC08CB3-D399-4C60-B29C-3FD2EDF58640}"
EndProject
Project("{8BC9CEB8-8B4A-11D0-8D11-00A0C91BC942}") = "Effects11", "..\..\..\..\_axisv\Effects11\Effects11_2008.vcproj", "{DF460EAB-570D-4B50-9089-2E2FC801BF38}"
EndProject
Project("{8BC9CEB8-8B4A-11D0-8D11-00A0C91BC942}") = "axfxdump", "axfxdump\axfxdump.vcproj", "{B097F158-15D3-4153-A251-F98AEF191E23}"
EndProject
Project("{2150E333-8FDC-42A3-9474-1A3956D46DE8}") = "Tools", "Tools", "{06503018-CE6B-476F-9F22-4A18E2289E7F}"
EndProject
Project("{8BC9CEB8-8B4A-11D0-8D11-00A0C91BC942}") = "axconverter", "axconverter\axconverter.vcproj", "{98A0EB2B-47F4-4CC1-A1EB-EF9041D199BC}"
EndProject
Global
	GlobalSection(SolutionConfigurationPlatforms) = preSolution
		Debug|Win32 = Debug|Win32
		Debug|x64 = Debug|x64
		Profile|Win32 = Profile|Win32
		Profile|x64 = Profile|x64
		Release|Win32 = Release|Win32
		Release|x64 = Release|x64
	EndGlobalSection
	GlobalSection(ProjectConfigurationPlatforms) = postSolution
		{977E338E-EC28-4FD3-8564-4CA1D8E9BD73}.Debug|Win32.ActiveCfg = Debug|Win32
		{977E338E-EC28-4FD3-8564-4CA1D8E9BD73}.Debug|Win32.Build.0 = Debug|Win32
		{977E338E-EC28-4FD3-8564-4CA1D8E9BD73}.Debug|x64.ActiveCfg = Debug|Win32
		{977E338E-EC28-4FD3-8564-4CA1D8E9BD73}.Profile|Win32.ActiveCfg = Release|Win32
		{977E338E-EC28-4FD3-8564-4CA1D8E9BD73}.Profile|Win32.Build.0 = Release|Win32
		{977E338E-EC28-4FD3-8564-4CA1D8E9BD73}.Profile|x64.ActiveCfg = Release|Win32
		{977E338E-EC28-4FD3-8564-4CA1D8E9BD73}.Release|Win32.ActiveCfg = Release|Win32
		{977E338E-EC28-4FD3-8564-4CA1D8E9BD73}.Release|Win32.Build.0 = Release|Win32
		{977E338E-EC28-4FD3-8564-4CA1D8E9BD73}.Release|x64.ActiveCfg = Release|Win32
		{C2922808-698C-40BC-BCED-CACA35163A84}.Debug|Win32.ActiveCfg = Debug|Win32
		{C2922808-698C-40BC-BCED-CACA35163A84}.Debug|Win32.Build.0 = Debug|Win32
		{C2922808-698C-40BC-BCED-CACA35163A84}.Debug|x64.ActiveCfg = Debug|Win32
		{C2922808-698C-40BC-BCED-CACA35163A84}.Profile|Win32.ActiveCfg = Release|Win32
		{C2922808-698C-40BC-BCED-CACA35163A84}.Profile|Win32.Build.0 = Release|Win32
		{C2922808-698C-40BC-BCED-CACA35163A84}.Profile|x64.ActiveCfg = Release|Win32
		{C2922808-698C-40BC-BCED-CACA35163A84}.Release|Win32.ActiveCfg = Release|Win32
		{C2922808-698C-40BC-BCED-CACA35163A84}.Release|Win32.Build.0 = Release|Win32
		{C2922808-698C-40BC-BCED-CACA35163A84}.Release|x64.ActiveCfg = Release|Win32
		{58D8AD1C-DFD9-4796-A4C3-6152FE65C0AA}.Debug|Win32.ActiveCfg = Debug|Win32
		{58D8AD1C-DFD9-4796-A4C3-6152FE65C0AA}.Debug|Win32.Build.0 = Debug|Win32
		{58D8AD1C-DFD9-4796-A4C3-6152FE65C0AA}.Debug|x64.ActiveCfg = Debug|Win32
		{58D8AD1C-DFD9-4796-A4C3-6152FE65C0AA}.Profile|Win32.ActiveCfg = Release|Win32
		{58D8AD1C-DFD9-4796-A4C3-6152FE65C0AA}.Profile|Win32.Build.0 = Release|Win32
		{58D8AD1C-DFD9-4796-A4C3-6152FE65C0AA}.Profile|x64.ActiveCfg = Release|Win32
		{58D8AD1C-DFD9-4796-A4C3-6152FE65C0AA}.Release|Win32.ActiveCfg = Release|Win32
		{58D8AD1C-DFD9-4796-A4C3-6152FE65C0AA}.Release|Win32.Build.0 = Release|Win32
		{58D8AD1C-DFD9-4796-A4C3-6152FE65C0AA}.Release|x64.ActiveCfg = Release|Win32
		{B04A5E9A-BC7A-4692-9DDC-075EED228D6E}.Debug|Win32.ActiveCfg = Debug|Win32
		{B04A5E9A-BC7A-4692-9DDC-075EED228D6E}.Debug|Win32.Build.0 = Debug|Win32
		{B04A5E9A-BC7A-4692-9DDC-075EED228D6E}.Debug|x64.ActiveCfg = Debug|Win32
		{B04A5E9A-BC7A-4692-9DDC-075EED228D6E}.Profile|Win32.ActiveCfg = Release|Win32
		{B04A5E9A-BC7A-4692-9DDC-075EED228D6E}.Profile|Win32.Build.0 = Release|Win32
		{B04A5E9A-BC7A-4692-9DDC-075EED228D6E}.Profile|x64.ActiveCfg = Release|Win32
		{B04A5E9A-BC7A-4692-9DDC-075EED228D6E}.Release|Win32.ActiveCfg = Release|Win32
		{B04A5E9A-BC7A-4692-9DDC-075EED228D6E}.Release|Win32.Build.0 = Release|Win32
		{B04A5E9A-BC7A-4692-9DDC-075EED228D6E}.Release|x64.ActiveCfg = Release|Win32
		{B30947E7-9FEC-408A-A73F-42FCC08AD988}.Debug|Win32.ActiveCfg = Debug|Win32
		{B30947E7-9FEC-408A-A73F-42FCC08AD988}.Debug|Win32.Build.0 = Debug|Win32
		{B30947E7-9FEC-408A-A73F-42FCC08AD988}.Debug|x64.ActiveCfg = Debug|Win32
		{B30947E7-9FEC-408A-A73F-42FCC08AD988}.Profile|Win32.ActiveCfg = Release|Win32
		{B30947E7-9FEC-408A-A73F-42FCC08AD988}.Profile|Win32.Build.0 = Release|Win32
		{B30947E7-9FEC-408A-A73F-42FCC08AD988}.Profile|x64.ActiveCfg = Release|Win32
		{B30947E7-9FEC-408A-A73F-42FCC08AD988}.Release|Win32.ActiveCfg = Release|Win32
		{B30947E7-9FEC-408A-A73F-42FCC08AD988}.Release|Win32.Build.0 = Release|Win32
		{B30947E7-9FEC-408A-A73F-42FCC08AD988}.Release|x64.ActiveCfg = Release|Win32
		{DC8FF16E-34F1-44DA-AE1E-48715EBD581D}.Debug|Win32.ActiveCfg = Debug|Win32
		{DC8FF16E-34F1-44DA-AE1E-48715EBD581D}.Debug|x64.ActiveCfg = Debug|Win32
		{DC8FF16E-34F1-44DA-AE1E-48715EBD581D}.Profile|Win32.ActiveCfg = Release|Win32
		{DC8FF16E-34F1-44DA-AE1E-48715EBD581D}.Profile|Win32.Build.0 = Release|Win32
		{DC8FF16E-34F1-44DA-AE1E-48715EBD581D}.Profile|x64.ActiveCfg = Release|Win32
		{DC8FF16E-34F1-44DA-AE1E-48715EBD581D}.Release|Win32.ActiveCfg = Release|Win32
		{DC8FF16E-34F1-44DA-AE1E-48715EBD581D}.Release|x64.ActiveCfg = Release|Win32
		{33A62286-A333-4A64-87E9-F5A60568D273}.Debug|Win32.ActiveCfg = Debug|Win32
		{33A62286-A333-4A64-87E9-F5A60568D273}.Debug|x64.ActiveCfg = Debug|Win32
		{33A62286-A333-4A64-87E9-F5A60568D273}.Profile|Win32.ActiveCfg = Release|Win32
		{33A62286-A333-4A64-87E9-F5A60568D273}.Profile|Win32.Build.0 = Release|Win32
		{33A62286-A333-4A64-87E9-F5A60568D273}.Profile|x64.ActiveCfg = Release|Win32
		{33A62286-A333-4A64-87E9-F5A60568D273}.Release|Win32.ActiveCfg = Release|Win32
		{33A62286-A333-4A64-87E9-F5A60568D273}.Release|x64.ActiveCfg = Release|Win32
		{5DC08CB3-D399-4C60-B29C-3FD2EDF58640}.Debug|Win32.ActiveCfg = Debug|Win32
		{5DC08CB3-D399-4C60-B29C-3FD2EDF58640}.Debug|x64.ActiveCfg = Debug|Win32
		{5DC08CB3-D399-4C60-B29C-3FD2EDF58640}.Profile|Win32.ActiveCfg = Debug|Win32
		{5DC08CB3-D399-4C60-B29C-3FD2EDF58640}.Profile|Win32.Build.0 = Debug|Win32
		{5DC08CB3-D399-4C60-B29C-3FD2EDF58640}.Profile|x64.ActiveCfg = Debug|Win32
		{5DC08CB3-D399-4C60-B29C-3FD2EDF58640}.Release|Win32.ActiveCfg = Release|Win32
		{5DC08CB3-D399-4C60-B29C-3FD2EDF58640}.Release|x64.ActiveCfg = Release|Win32
		{DF460EAB-570D-4B50-9089-2E2FC801BF38}.Debug|Win32.ActiveCfg = Debug|Win32
		{DF460EAB-570D-4B50-9089-2E2FC801BF38}.Debug|Win32.Build.0 = Debug|Win32
		{DF460EAB-570D-4B50-9089-2E2FC801BF38}.Debug|x64.ActiveCfg = Debug|x64
		{DF460EAB-570D-4B50-9089-2E2FC801BF38}.Debug|x64.Build.0 = Debug|x64
		{DF460EAB-570D-4B50-9089-2E2FC801BF38}.Profile|Win32.ActiveCfg = Profile|Win32
		{DF460EAB-570D-4B50-9089-2E2FC801BF38}.Profile|Win32.Build.0 = Profile|Win32
		{DF460EAB-570D-4B50-9089-2E2FC801BF38}.Profile|x64.ActiveCfg = Profile|x64
		{DF460EAB-570D-4B50-9089-2E2FC801BF38}.Profile|x64.Build.0 = Profile|x64
		{DF460EAB-570D-4B50-9089-2E2FC801BF38}.Release|Win32.ActiveCfg = Release|Win32
		{DF460EAB-570D-4B50-9089-2E2FC801BF38}.Release|Win32.Build.0 = Release|Win32
		{DF460EAB-570D-4B50-9089-2E2FC801BF38}.Release|x64.ActiveCfg = Release|x64
		{DF460EAB-570D-4B50-9089-2E2FC801BF38}.Release|x64.Build.0 = Release|x64
		{B097F158-15D3-4153-A251-F98AEF191E23}.Debug|Win32.ActiveCfg = Debug|Win32
		{B097F158-15D3-4153-A251-F98AEF191E23}.Debug|Win32.Build.0 = Debug|Win32
		{B097F158-15D3-4153-A251-F98AEF191E23}.Debug|x64.ActiveCfg = Debug|Win32
		{B097F158-15D3-4153-A251-F98AEF191E23}.Profile|Win32.ActiveCfg = Release|Win32
		{B097F158-15D3-4153-A251-F98AEF191E23}.Profile|Win32.Build.0 = Release|Win32
		{B097F158-15D3-4153-A251-F98AEF191E23}.Profile|x64.ActiveCfg = Release|Win32
		{B097F158-15D3-4153-A251-F98AEF191E23}.Release|Win32.ActiveCfg = Release|Win32
		{B097F158-15D3-4153-A251-F98AEF191E23}.Release|Win32.Build.0 = Release|Win32
		{B097F158-15D3-4153-A251-F98AEF191E23}.Release|x64.ActiveCfg = Release|Win32
		{98A0EB2B-47F4-4CC1-A1EB-EF9041D199BC}.Debug|Win32.ActiveCfg = Debug|Win32
		{98A0EB2B-47F4-4CC1-A1EB-EF9041D199BC}.Debug|Win32.Build.0 = Debug|Win32
		{98A0EB2B-47F4-4CC1-A1EB-EF9041D199BC}.Debug|x64.ActiveCfg = Debug|Win32
		{98A0EB2B-47F4-4CC1-A1EB-EF9041D199BC}.Profile|Win32.ActiveCfg = Release|Win32
		{98A0EB2B-47F4-4CC1-A1EB-EF9041D199BC}.Profile|Win32.Build.0 = Release|Win32
		{98A0EB2B-47F4-4CC1-A1EB-EF9041D199BC}.Profile|x64.ActiveCfg = Release|Win32
		{98A0EB2B-47F4-4CC1-A1EB-EF9041D199BC}.Release|Win32.ActiveCfg = Release|Win32
		{98A0EB2B-47F4-4CC1-A1EB-EF9041D199BC}.Release|Win32.Build.0 = Release|Win32
		{98A0EB2B-47F4-4CC1-A1EB-EF9041D199BC}.Release|x64.ActiveCfg = Release|Win32
	EndGlobalSection
	GlobalSection(SolutionProperties) = preSolution
		HideSolutionNode = FALSE
	EndGlobalSection
	GlobalSection(NestedProjects) = preSolution
		{97336EB5-0480-4631-AE52-2A8B20F7179B} = {4CDF1556-0B94-4E46-9815-4299D17ED28A}
		{D7C48AD4-4092-4943-A7C8-06CCFE8FA386} = {4CDF1556-0B94-4E46-9815-4299D17ED28A}
		{33A62286-A333-4A64-87E9-F5A60568D273} = {FE03F100-E402-445D-8BB6-AC0B12B1C62D}
		{5DC08CB3-D399-4C60-B29C-3FD2EDF58640} = {FE03F100-E402-445D-8BB6-AC0B12B1C62D}
		{DF460EAB-570D-4B50-9089-2E2FC801BF38} = {FE03F100-E402-445D-8BB6-AC0B12B1C62D}
		{B097F158-15D3-4153-A251-F98AEF191E23} = {06503018-CE6B-476F-9F22-4A18E2289E7F}
		{98A0EB2B-47F4-4CC1-A1EB-EF9041D199BC} = {06503018-CE6B-476F-9F22-4A18E2289E7F}
	EndGlobalSection
	GlobalSection(Qt) = preSolution
		Integration = True
	EndGlobalSection
	GlobalSection(Qt) = preSolution
		Integration = True
	EndGlobalSection
	GlobalSection(Qt) = preSolution
		Integration = True
	EndGlobalSection
EndGlobal
