
Microsoft Visual Studio Solution File, Format Version 10.00
# Visual Studio 2008
Project("{2150E333-8FDC-42A3-9474-1A3956D46DE8}") = "Solution Items", "Solution Items", "{4CDF1556-0B94-4E46-9815-4299D17ED28A}"
	ProjectSection(SolutionItems) = preProject
		..\..\license.txt = ..\..\license.txt
	EndProjectSection
EndProject
Project("{2150E333-8FDC-42A3-9474-1A3956D46DE8}") = "gpucaps", "gpucaps", "{97336EB5-0480-4631-AE52-2A8B20F7179B}"
	ProjectSection(SolutionItems) = preProject
		..\..\doc\gpucaps\amd_4850.xml = ..\..\doc\gpucaps\amd_4850.xml
		..\..\doc\gpucaps\intel_945m.xml = ..\..\doc\gpucaps\intel_945m.xml
		..\..\doc\gpucaps\nv_6600le.xml = ..\..\doc\gpucaps\nv_6600le.xml
		..\..\doc\gpucaps\nv_7900go_gtx.xml = ..\..\doc\gpucaps\nv_7900go_gtx.xml
		..\..\doc\gpucaps\nv_8600.xml = ..\..\doc\gpucaps\nv_8600.xml
	EndProjectSection
EndProject
Project("{2150E333-8FDC-42A3-9474-1A3956D46DE8}") = "build rules", "build rules", "{D7C48AD4-4092-4943-A7C8-06CCFE8FA386}"
	ProjectSection(SolutionItems) = preProject
		..\..\doc\axonfx.rules = ..\..\doc\axonfx.rules
	EndProjectSection
EndProject
Project("{8BC9CEB8-8B4A-11D0-8D11-00A0C91BC942}") = "axcore", "axcore\axcore.vcproj", "{977E338E-EC28-4FD3-8564-4CA1D8E9BD73}"
	ProjectSection(ProjectDependencies) = postProject
		{B6A99EC1-432C-4911-A571-14FDC5EA4430} = {B6A99EC1-432C-4911-A571-14FDC5EA4430}
		{2C3BABE5-E3C5-4B8E-8F76-F2C29849CB3F} = {2C3BABE5-E3C5-4B8E-8F76-F2C29849CB3F}
	EndProjectSection
EndProject
Project("{8BC9CEB8-8B4A-11D0-8D11-00A0C91BC942}") = "axclient", "axclient\axclient.vcproj", "{C2922808-698C-40BC-BCED-CACA35163A84}"
EndProject
Project("{8BC9CEB8-8B4A-11D0-8D11-00A0C91BC942}") = "axlogic", "axlogic\axlogic.vcproj", "{58D8AD1C-DFD9-4796-A4C3-6152FE65C0AA}"
EndProject
Project("{8BC9CEB8-8B4A-11D0-8D11-00A0C91BC942}") = "axeditor", "axeditor\axeditor.vcproj", "{B04A5E9A-BC7A-4692-9DDC-075EED228D6E}"
EndProject
Project("{8BC9CEB8-8B4A-11D0-8D11-00A0C91BC942}") = "axeditorapp", "axeditorapp\axeditorapp.vcproj", "{B30947E7-9FEC-408A-A73F-42FCC08AD988}"
	ProjectSection(ProjectDependencies) = postProject
		{C2922808-698C-40BC-BCED-CACA35163A84} = {C2922808-698C-40BC-BCED-CACA35163A84}
		{58D8AD1C-DFD9-4796-A4C3-6152FE65C0AA} = {58D8AD1C-DFD9-4796-A4C3-6152FE65C0AA}
		{977E338E-EC28-4FD3-8564-4CA1D8E9BD73} = {977E338E-EC28-4FD3-8564-4CA1D8E9BD73}
		{B04A5E9A-BC7A-4692-9DDC-075EED228D6E} = {B04A5E9A-BC7A-4692-9DDC-075EED228D6E}
	EndProjectSection
EndProject
Project("{8BC9CEB8-8B4A-11D0-8D11-00A0C91BC942}") = "data", "..\..\data\data.vcproj", "{DC8FF16E-34F1-44DA-AE1E-48715EBD581D}"
EndProject
Project("{2150E333-8FDC-42A3-9474-1A3956D46DE8}") = "Extlibs", "Extlibs", "{FE03F100-E402-445D-8BB6-AC0B12B1C62D}"
EndProject
Project("{8BC9CEB8-8B4A-11D0-8D11-00A0C91BC942}") = "squirrel", "..\..\..\axextlibs\SQUIRREL2\squirrel\squirrel.vcproj", "{2C3BABE5-E3C5-4B8E-8F76-F2C29849CB3F}"
EndProject
Project("{8BC9CEB8-8B4A-11D0-8D11-00A0C91BC942}") = "sqstdlib", "..\..\..\axextlibs\SQUIRREL2\sqstdlib\sqstdlib.vcproj", "{B6A99EC1-432C-4911-A571-14FDC5EA4430}"
EndProject
Project("{8BC9CEB8-8B4A-11D0-8D11-00A0C91BC942}") = "QtCore", "C:\Qt\4.6.0\src\corelib\corelib.vcproj", "{814DD47D-45D3-372B-9AB5-37688E60446B}"
EndProject
Project("{8BC9CEB8-8B4A-11D0-8D11-00A0C91BC942}") = "QtGui", "C:\Qt\4.6.0\src\gui\gui.vcproj", "{A2894E91-7420-3BC0-A148-5F055C206F14}"
EndProject
Global
	GlobalSection(SolutionConfigurationPlatforms) = preSolution
		Debug|Win32 = Debug|Win32
		Release|Win32 = Release|Win32
	EndGlobalSection
	GlobalSection(ProjectConfigurationPlatforms) = postSolution
		{977E338E-EC28-4FD3-8564-4CA1D8E9BD73}.Debug|Win32.ActiveCfg = Debug|Win32
		{977E338E-EC28-4FD3-8564-4CA1D8E9BD73}.Debug|Win32.Build.0 = Debug|Win32
		{977E338E-EC28-4FD3-8564-4CA1D8E9BD73}.Release|Win32.ActiveCfg = Release|Win32
		{977E338E-EC28-4FD3-8564-4CA1D8E9BD73}.Release|Win32.Build.0 = Release|Win32
		{C2922808-698C-40BC-BCED-CACA35163A84}.Debug|Win32.ActiveCfg = Debug|Win32
		{C2922808-698C-40BC-BCED-CACA35163A84}.Debug|Win32.Build.0 = Debug|Win32
		{C2922808-698C-40BC-BCED-CACA35163A84}.Release|Win32.ActiveCfg = Release|Win32
		{C2922808-698C-40BC-BCED-CACA35163A84}.Release|Win32.Build.0 = Release|Win32
		{58D8AD1C-DFD9-4796-A4C3-6152FE65C0AA}.Debug|Win32.ActiveCfg = Debug|Win32
		{58D8AD1C-DFD9-4796-A4C3-6152FE65C0AA}.Debug|Win32.Build.0 = Debug|Win32
		{58D8AD1C-DFD9-4796-A4C3-6152FE65C0AA}.Release|Win32.ActiveCfg = Release|Win32
		{58D8AD1C-DFD9-4796-A4C3-6152FE65C0AA}.Release|Win32.Build.0 = Release|Win32
		{B04A5E9A-BC7A-4692-9DDC-075EED228D6E}.Debug|Win32.ActiveCfg = Debug|Win32
		{B04A5E9A-BC7A-4692-9DDC-075EED228D6E}.Debug|Win32.Build.0 = Debug|Win32
		{B04A5E9A-BC7A-4692-9DDC-075EED228D6E}.Release|Win32.ActiveCfg = Release|Win32
		{B04A5E9A-BC7A-4692-9DDC-075EED228D6E}.Release|Win32.Build.0 = Release|Win32
		{B30947E7-9FEC-408A-A73F-42FCC08AD988}.Debug|Win32.ActiveCfg = Debug|Win32
		{B30947E7-9FEC-408A-A73F-42FCC08AD988}.Debug|Win32.Build.0 = Debug|Win32
		{B30947E7-9FEC-408A-A73F-42FCC08AD988}.Release|Win32.ActiveCfg = Release|Win32
		{B30947E7-9FEC-408A-A73F-42FCC08AD988}.Release|Win32.Build.0 = Release|Win32
		{DC8FF16E-34F1-44DA-AE1E-48715EBD581D}.Debug|Win32.ActiveCfg = Debug|Win32
		{DC8FF16E-34F1-44DA-AE1E-48715EBD581D}.Release|Win32.ActiveCfg = Release|Win32
		{2C3BABE5-E3C5-4B8E-8F76-F2C29849CB3F}.Debug|Win32.ActiveCfg = Debug|Win32
		{2C3BABE5-E3C5-4B8E-8F76-F2C29849CB3F}.Release|Win32.ActiveCfg = Release|Win32
		{B6A99EC1-432C-4911-A571-14FDC5EA4430}.Debug|Win32.ActiveCfg = Debug|Win32
		{B6A99EC1-432C-4911-A571-14FDC5EA4430}.Release|Win32.ActiveCfg = Release|Win32
		{814DD47D-45D3-372B-9AB5-37688E60446B}.Debug|Win32.ActiveCfg = Debug|Win32
		{814DD47D-45D3-372B-9AB5-37688E60446B}.Release|Win32.ActiveCfg = Release|Win32
		{A2894E91-7420-3BC0-A148-5F055C206F14}.Debug|Win32.ActiveCfg = Debug|Win32
		{A2894E91-7420-3BC0-A148-5F055C206F14}.Release|Win32.ActiveCfg = Release|Win32
	EndGlobalSection
	GlobalSection(SolutionProperties) = preSolution
		HideSolutionNode = FALSE
	EndGlobalSection
	GlobalSection(NestedProjects) = preSolution
		{97336EB5-0480-4631-AE52-2A8B20F7179B} = {4CDF1556-0B94-4E46-9815-4299D17ED28A}
		{D7C48AD4-4092-4943-A7C8-06CCFE8FA386} = {4CDF1556-0B94-4E46-9815-4299D17ED28A}
		{2C3BABE5-E3C5-4B8E-8F76-F2C29849CB3F} = {FE03F100-E402-445D-8BB6-AC0B12B1C62D}
		{B6A99EC1-432C-4911-A571-14FDC5EA4430} = {FE03F100-E402-445D-8BB6-AC0B12B1C62D}
		{814DD47D-45D3-372B-9AB5-37688E60446B} = {FE03F100-E402-445D-8BB6-AC0B12B1C62D}
		{A2894E91-7420-3BC0-A148-5F055C206F14} = {FE03F100-E402-445D-8BB6-AC0B12B1C62D}
	EndGlobalSection
	GlobalSection(Qt) = preSolution
		Integration = True
	EndGlobalSection
EndGlobal
